
Microsoft Visual Studio Solution File, Format Version 12.00
# Visual Studio Version 17
VisualStudioVersion = 17.7.34031.279
MinimumVisualStudioVersion = 10.0.40219.1
Project("{FAE04EC0-301F-11D3-BF4B-00C04F79EFBC}") = "ProjectGroup01_Winform", "ProjectGroup01_Winform\ProjectGroup01_Winform.csproj", "{940D399A-51BF-4AE2-BCAF-615A5D7F2101}"
EndProject
Global
	GlobalSection(SolutionConfigurationPlatforms) = preSolution
		Debug|Any CPU = Debug|Any CPU
		Release|Any CPU = Release|Any CPU
	EndGlobalSection
	GlobalSection(ProjectConfigurationPlatforms) = postSolution
		{940D399A-51BF-4AE2-BCAF-615A5D7F2101}.Debug|Any CPU.ActiveCfg = Debug|Any CPU
		{940D399A-51BF-4AE2-BCAF-615A5D7F2101}.Debug|Any CPU.Build.0 = Debug|Any CPU
		{940D399A-51BF-4AE2-BCAF-615A5D7F2101}.Release|Any CPU.ActiveCfg = Release|Any CPU
		{940D399A-51BF-4AE2-BCAF-615A5D7F2101}.Release|Any CPU.Build.0 = Release|Any CPU
	EndGlobalSection
	GlobalSection(SolutionProperties) = preSolution
		HideSolutionNode = FALSE
	EndGlobalSection
	GlobalSection(ExtensibilityGlobals) = postSolution
		SolutionGuid = {2F0B5900-0711-4CBC-9613-3DCBD2F96FAF}
	EndGlobalSection
EndGlobal
